// !$*UTF8*$!
{
	archiveVersion = 1;
	classes = {
	};
	objectVersion = 50;
	objects = {

/* Begin PBXBuildFile section */
		753390DF25799C4A000D9CBD /* NetworkExtension.framework in Frameworks */ = {isa = PBXBuildFile; fileRef = 753BA3062579773800B0651D /* NetworkExtension.framework */; };
		753BA26E2577891600B0651D /* AppDelegate.swift in Sources */ = {isa = PBXBuildFile; fileRef = 753BA26D2577891600B0651D /* AppDelegate.swift */; };
		753BA2722577891600B0651D /* ViewController.swift in Sources */ = {isa = PBXBuildFile; fileRef = 753BA2712577891600B0651D /* ViewController.swift */; };
		753BA2752577891600B0651D /* Main.storyboard in Resources */ = {isa = PBXBuildFile; fileRef = 753BA2732577891600B0651D /* Main.storyboard */; };
		753BA2772577891900B0651D /* Assets.xcassets in Resources */ = {isa = PBXBuildFile; fileRef = 753BA2762577891900B0651D /* Assets.xcassets */; };
		753BA27A2577891900B0651D /* LaunchScreen.storyboard in Resources */ = {isa = PBXBuildFile; fileRef = 753BA2782577891900B0651D /* LaunchScreen.storyboard */; };
		753BA2AE257793C800B0651D /* AlrdTableView.swift in Sources */ = {isa = PBXBuildFile; fileRef = 753BA2AD257793C800B0651D /* AlrdTableView.swift */; };
		753BA2B325780F6100B0651D /* HomeViewController.swift in Sources */ = {isa = PBXBuildFile; fileRef = 753BA2B225780F6100B0651D /* HomeViewController.swift */; };
		753BA2E72578481B00B0651D /* TableSelectView.swift in Sources */ = {isa = PBXBuildFile; fileRef = 753BA2E62578481B00B0651D /* TableSelectView.swift */; };
		753BA2FC257971F400B0651D /* VpnManager.swift in Sources */ = {isa = PBXBuildFile; fileRef = 753BA2FB257971F400B0651D /* VpnManager.swift */; };
		753BA3072579773800B0651D /* NetworkExtension.framework in Frameworks */ = {isa = PBXBuildFile; fileRef = 753BA3062579773800B0651D /* NetworkExtension.framework */; };
		753BA30A2579773800B0651D /* PacketTunnelProvider.swift in Sources */ = {isa = PBXBuildFile; fileRef = 753BA3092579773800B0651D /* PacketTunnelProvider.swift */; };
		753BA30F2579773800B0651D /* Packettunel.appex in Embed App Extensions */ = {isa = PBXBuildFile; fileRef = 753BA3042579773800B0651D /* Packettunel.appex */; settings = {ATTRIBUTES = (RemoveHeadersOnCopy, ); }; };
		753BA8FA25798AA300B0651D /* DNSConfig.m in Sources */ = {isa = PBXBuildFile; fileRef = 753BA8F925798AA300B0651D /* DNSConfig.m */; };
		753BA8FC25798B0700B0651D /* libresolv.tbd in Frameworks */ = {isa = PBXBuildFile; fileRef = 753BA8FB25798AEE00B0651D /* libresolv.tbd */; };
		7597605C261C983600F6DB31 /* libalrd4.a in Frameworks */ = {isa = PBXBuildFile; fileRef = 7597605B261C983600F6DB31 /* libalrd4.a */; };
/* End PBXBuildFile section */

/* Begin PBXContainerItemProxy section */
		753BA30D2579773800B0651D /* PBXContainerItemProxy */ = {
			isa = PBXContainerItemProxy;
			containerPortal = 753BA2622577891600B0651D /* Project object */;
			proxyType = 1;
			remoteGlobalIDString = 753BA3032579773800B0651D;
			remoteInfo = Packettunel;
		};
/* End PBXContainerItemProxy section */

/* Begin PBXCopyFilesBuildPhase section */
		753BA3132579773800B0651D /* Embed App Extensions */ = {
			isa = PBXCopyFilesBuildPhase;
			buildActionMask = 2147483647;
			dstPath = "";
			dstSubfolderSpec = 13;
			files = (
				753BA30F2579773800B0651D /* Packettunel.appex in Embed App Extensions */,
			);
			name = "Embed App Extensions";
			runOnlyForDeploymentPostprocessing = 0;
		};
		753BA3292579777000B0651D /* Embed Frameworks */ = {
			isa = PBXCopyFilesBuildPhase;
			buildActionMask = 2147483647;
			dstPath = "";
			dstSubfolderSpec = 10;
			files = (
			);
			name = "Embed Frameworks";
			runOnlyForDeploymentPostprocessing = 0;
		};
/* End PBXCopyFilesBuildPhase section */

/* Begin PBXFileReference section */
		753BA26A2577891600B0651D /* DDLVPNAlrd.app */ = {isa = PBXFileReference; explicitFileType = wrapper.application; includeInIndex = 0; path = DDLVPNAlrd.app; sourceTree = BUILT_PRODUCTS_DIR; };
		753BA26D2577891600B0651D /* AppDelegate.swift */ = {isa = PBXFileReference; lastKnownFileType = sourcecode.swift; path = AppDelegate.swift; sourceTree = "<group>"; };
		753BA2712577891600B0651D /* ViewController.swift */ = {isa = PBXFileReference; lastKnownFileType = sourcecode.swift; path = ViewController.swift; sourceTree = "<group>"; };
		753BA2742577891600B0651D /* Base */ = {isa = PBXFileReference; lastKnownFileType = file.storyboard; name = Base; path = Base.lproj/Main.storyboard; sourceTree = "<group>"; };
		753BA2762577891900B0651D /* Assets.xcassets */ = {isa = PBXFileReference; lastKnownFileType = folder.assetcatalog; path = Assets.xcassets; sourceTree = "<group>"; };
		753BA2792577891900B0651D /* Base */ = {isa = PBXFileReference; lastKnownFileType = file.storyboard; name = Base; path = Base.lproj/LaunchScreen.storyboard; sourceTree = "<group>"; };
		753BA27B2577891900B0651D /* Info.plist */ = {isa = PBXFileReference; lastKnownFileType = text.plist.xml; path = Info.plist; sourceTree = "<group>"; };
		753BA2842577891A00B0651D /* DDLVPNAlrdTests.swift */ = {isa = PBXFileReference; lastKnownFileType = sourcecode.swift; path = DDLVPNAlrdTests.swift; sourceTree = "<group>"; };
		753BA2862577891A00B0651D /* Info.plist */ = {isa = PBXFileReference; lastKnownFileType = text.plist.xml; path = Info.plist; sourceTree = "<group>"; };
		753BA28F2577891A00B0651D /* DDLVPNAlrdUITests.swift */ = {isa = PBXFileReference; lastKnownFileType = sourcecode.swift; path = DDLVPNAlrdUITests.swift; sourceTree = "<group>"; };
		753BA2912577891A00B0651D /* Info.plist */ = {isa = PBXFileReference; lastKnownFileType = text.plist.xml; path = Info.plist; sourceTree = "<group>"; };
		753BA2AD257793C800B0651D /* AlrdTableView.swift */ = {isa = PBXFileReference; lastKnownFileType = sourcecode.swift; path = AlrdTableView.swift; sourceTree = "<group>"; };
		753BA2B225780F6100B0651D /* HomeViewController.swift */ = {isa = PBXFileReference; lastKnownFileType = sourcecode.swift; path = HomeViewController.swift; sourceTree = "<group>"; };
		753BA2D625782AC200B0651D /* DDLVpn_OC.h */ = {isa = PBXFileReference; lastKnownFileType = sourcecode.c.h; path = DDLVpn_OC.h; sourceTree = "<group>"; };
		753BA2E62578481B00B0651D /* TableSelectView.swift */ = {isa = PBXFileReference; lastKnownFileType = sourcecode.swift; path = TableSelectView.swift; sourceTree = "<group>"; };
		753BA2FB257971F400B0651D /* VpnManager.swift */ = {isa = PBXFileReference; fileEncoding = 4; lastKnownFileType = sourcecode.swift; path = VpnManager.swift; sourceTree = "<group>"; };
		753BA3042579773800B0651D /* Packettunel.appex */ = {isa = PBXFileReference; explicitFileType = "wrapper.app-extension"; includeInIndex = 0; path = Packettunel.appex; sourceTree = BUILT_PRODUCTS_DIR; };
		753BA3062579773800B0651D /* NetworkExtension.framework */ = {isa = PBXFileReference; lastKnownFileType = wrapper.framework; name = NetworkExtension.framework; path = System/Library/Frameworks/NetworkExtension.framework; sourceTree = SDKROOT; };
		753BA3092579773800B0651D /* PacketTunnelProvider.swift */ = {isa = PBXFileReference; lastKnownFileType = sourcecode.swift; path = PacketTunnelProvider.swift; sourceTree = "<group>"; };
		753BA30B2579773800B0651D /* Info.plist */ = {isa = PBXFileReference; lastKnownFileType = text.plist.xml; path = Info.plist; sourceTree = "<group>"; };
		753BA8CD25797A9400B0651D /* libresolv.tbd */ = {isa = PBXFileReference; lastKnownFileType = "sourcecode.text-based-dylib-definition"; name = libresolv.tbd; path = Platforms/MacOSX.platform/Developer/SDKs/MacOSX11.0.sdk/usr/lib/libresolv.tbd; sourceTree = DEVELOPER_DIR; };
		753BA8F825798AA300B0651D /* DNSConfig.h */ = {isa = PBXFileReference; lastKnownFileType = sourcecode.c.h; path = DNSConfig.h; sourceTree = "<group>"; };
		753BA8F925798AA300B0651D /* DNSConfig.m */ = {isa = PBXFileReference; lastKnownFileType = sourcecode.c.objc; path = DNSConfig.m; sourceTree = "<group>"; };
		753BA8FB25798AEE00B0651D /* libresolv.tbd */ = {isa = PBXFileReference; lastKnownFileType = "sourcecode.text-based-dylib-definition"; name = libresolv.tbd; path = usr/lib/libresolv.tbd; sourceTree = SDKROOT; };
		7597605A261C983500F6DB31 /* alrd.h */ = {isa = PBXFileReference; fileEncoding = 4; lastKnownFileType = sourcecode.c.h; path = alrd.h; sourceTree = "<group>"; };
		7597605B261C983600F6DB31 /* libalrd4.a */ = {isa = PBXFileReference; lastKnownFileType = archive.ar; path = libalrd4.a; sourceTree = "<group>"; };
		7597605D261C989400F6DB31 /* Packettunel-Bridging-Header.h */ = {isa = PBXFileReference; lastKnownFileType = sourcecode.c.h; path = "Packettunel-Bridging-Header.h"; sourceTree = "<group>"; };
		75F85CDE25960F0300400891 /* Alrdframeworkv4.go */ = {isa = PBXFileReference; lastKnownFileType = text; path = Alrdframeworkv4.go; sourceTree = "<group>"; };
		75F85CDF25960F0300400891 /* Alrdframeworkv4.framework */ = {isa = PBXFileReference; lastKnownFileType = wrapper.framework; path = Alrdframeworkv4.framework; sourceTree = "<group>"; };
/* End PBXFileReference section */

/* Begin PBXFrameworksBuildPhase section */
		753BA2672577891600B0651D /* Frameworks */ = {
			isa = PBXFrameworksBuildPhase;
			buildActionMask = 2147483647;
			files = (
				753390DF25799C4A000D9CBD /* NetworkExtension.framework in Frameworks */,
				753BA8FC25798B0700B0651D /* libresolv.tbd in Frameworks */,
			);
			runOnlyForDeploymentPostprocessing = 0;
		};
		753BA3012579773800B0651D /* Frameworks */ = {
			isa = PBXFrameworksBuildPhase;
			buildActionMask = 2147483647;
			files = (
				753BA3072579773800B0651D /* NetworkExtension.framework in Frameworks */,
				7597605C261C983600F6DB31 /* libalrd4.a in Frameworks */,
			);
			runOnlyForDeploymentPostprocessing = 0;
		};
/* End PBXFrameworksBuildPhase section */

/* Begin PBXGroup section */
		753BA2612577891600B0651D = {
			isa = PBXGroup;
			children = (
				7597605A261C983500F6DB31 /* alrd.h */,
				7597605B261C983600F6DB31 /* libalrd4.a */,
				753BA2D625782AC200B0651D /* DDLVpn_OC.h */,
				753BA26C2577891600B0651D /* DDLVPNAlrd */,
				753BA2832577891A00B0651D /* DDLVPNAlrdTests */,
				753BA28E2577891A00B0651D /* DDLVPNAlrdUITests */,
				753BA3082579773800B0651D /* Packettunel */,
				753BA3052579773800B0651D /* Frameworks */,
				753BA26B2577891600B0651D /* Products */,
			);
			sourceTree = "<group>";
		};
		753BA26B2577891600B0651D /* Products */ = {
			isa = PBXGroup;
			children = (
				753BA26A2577891600B0651D /* DDLVPNAlrd.app */,
				753BA3042579773800B0651D /* Packettunel.appex */,
			);
			name = Products;
			sourceTree = "<group>";
		};
		753BA26C2577891600B0651D /* DDLVPNAlrd */ = {
			isa = PBXGroup;
			children = (
				753BA2FB257971F400B0651D /* VpnManager.swift */,
				753BA26D2577891600B0651D /* AppDelegate.swift */,
				753BA2712577891600B0651D /* ViewController.swift */,
				753BA2732577891600B0651D /* Main.storyboard */,
				753BA2762577891900B0651D /* Assets.xcassets */,
				753BA2782577891900B0651D /* LaunchScreen.storyboard */,
				753BA27B2577891900B0651D /* Info.plist */,
				753BA2AD257793C800B0651D /* AlrdTableView.swift */,
				753BA2B225780F6100B0651D /* HomeViewController.swift */,
				753BA2E62578481B00B0651D /* TableSelectView.swift */,
				753BA8F825798AA300B0651D /* DNSConfig.h */,
				753BA8F925798AA300B0651D /* DNSConfig.m */,
			);
			path = DDLVPNAlrd;
			sourceTree = "<group>";
		};
		753BA2832577891A00B0651D /* DDLVPNAlrdTests */ = {
			isa = PBXGroup;
			children = (
				753BA2842577891A00B0651D /* DDLVPNAlrdTests.swift */,
				753BA2862577891A00B0651D /* Info.plist */,
			);
			path = DDLVPNAlrdTests;
			sourceTree = "<group>";
		};
		753BA28E2577891A00B0651D /* DDLVPNAlrdUITests */ = {
			isa = PBXGroup;
			children = (
				753BA28F2577891A00B0651D /* DDLVPNAlrdUITests.swift */,
				753BA2912577891A00B0651D /* Info.plist */,
			);
			path = DDLVPNAlrdUITests;
			sourceTree = "<group>";
		};
		753BA3052579773800B0651D /* Frameworks */ = {
			isa = PBXGroup;
			children = (
				75F85CDD25960F0300400891 /* alrdframeworkv4 */,
				753BA8CD25797A9400B0651D /* libresolv.tbd */,
				753BA8FB25798AEE00B0651D /* libresolv.tbd */,
				753BA3062579773800B0651D /* NetworkExtension.framework */,
			);
			name = Frameworks;
			sourceTree = "<group>";
		};
		753BA3082579773800B0651D /* Packettunel */ = {
			isa = PBXGroup;
			children = (
				753BA3092579773800B0651D /* PacketTunnelProvider.swift */,
				753BA30B2579773800B0651D /* Info.plist */,
				7597605D261C989400F6DB31 /* Packettunel-Bridging-Header.h */,
			);
			path = Packettunel;
			sourceTree = "<group>";
		};
		75F85CDD25960F0300400891 /* alrdframeworkv4 */ = {
			isa = PBXGroup;
			children = (
				75F85CDE25960F0300400891 /* Alrdframeworkv4.go */,
				75F85CDF25960F0300400891 /* Alrdframeworkv4.framework */,
			);
			path = alrdframeworkv4;
			sourceTree = "<group>";
		};
/* End PBXGroup section */

/* Begin PBXNativeTarget section */
		753BA2692577891600B0651D /* DDLVPNAlrd */ = {
			isa = PBXNativeTarget;
			buildConfigurationList = 753BA2942577891A00B0651D /* Build configuration list for PBXNativeTarget "DDLVPNAlrd" */;
			buildPhases = (
				753BA2662577891600B0651D /* Sources */,
				753BA2672577891600B0651D /* Frameworks */,
				753BA2682577891600B0651D /* Resources */,
				753BA3132579773800B0651D /* Embed App Extensions */,
				753BA3292579777000B0651D /* Embed Frameworks */,
			);
			buildRules = (
			);
			dependencies = (
				753BA30E2579773800B0651D /* PBXTargetDependency */,
			);
			name = DDLVPNAlrd;
			productName = DDLVPNAlrd;
			productReference = 753BA26A2577891600B0651D /* DDLVPNAlrd.app */;
			productType = "com.apple.product-type.application";
		};
		753BA3032579773800B0651D /* Packettunel */ = {
			isa = PBXNativeTarget;
			buildConfigurationList = 753BA3102579773800B0651D /* Build configuration list for PBXNativeTarget "Packettunel" */;
			buildPhases = (
				753BA3002579773800B0651D /* Sources */,
				753BA3012579773800B0651D /* Frameworks */,
				753BA3022579773800B0651D /* Resources */,
			);
			buildRules = (
			);
			dependencies = (
			);
			name = Packettunel;
			productName = Packettunel;
			productReference = 753BA3042579773800B0651D /* Packettunel.appex */;
			productType = "com.apple.product-type.app-extension";
		};
/* End PBXNativeTarget section */

/* Begin PBXProject section */
		753BA2622577891600B0651D /* Project object */ = {
			isa = PBXProject;
			attributes = {
				LastSwiftUpdateCheck = 1220;
				LastUpgradeCheck = 1220;
				TargetAttributes = {
					753BA2692577891600B0651D = {
						CreatedOnToolsVersion = 12.2;
					};
					753BA3032579773800B0651D = {
						CreatedOnToolsVersion = 12.2;
						LastSwiftMigration = 1240;
					};
				};
			};
			buildConfigurationList = 753BA2652577891600B0651D /* Build configuration list for PBXProject "DDLVPNAlrd" */;
			compatibilityVersion = "Xcode 9.3";
			developmentRegion = en;
			hasScannedForEncodings = 0;
			knownRegions = (
				en,
				Base,
			);
			mainGroup = 753BA2612577891600B0651D;
			productRefGroup = 753BA26B2577891600B0651D /* Products */;
			projectDirPath = "";
			projectRoot = "";
			targets = (
				753BA2692577891600B0651D /* DDLVPNAlrd */,
				753BA3032579773800B0651D /* Packettunel */,
			);
		};
/* End PBXProject section */

/* Begin PBXResourcesBuildPhase section */
		753BA2682577891600B0651D /* Resources */ = {
			isa = PBXResourcesBuildPhase;
			buildActionMask = 2147483647;
			files = (
				753BA27A2577891900B0651D /* LaunchScreen.storyboard in Resources */,
				753BA2772577891900B0651D /* Assets.xcassets in Resources */,
				753BA2752577891600B0651D /* Main.storyboard in Resources */,
			);
			runOnlyForDeploymentPostprocessing = 0;
		};
		753BA3022579773800B0651D /* Resources */ = {
			isa = PBXResourcesBuildPhase;
			buildActionMask = 2147483647;
			files = (
			);
			runOnlyForDeploymentPostprocessing = 0;
		};
/* End PBXResourcesBuildPhase section */

/* Begin PBXSourcesBuildPhase section */
		753BA2662577891600B0651D /* Sources */ = {
			isa = PBXSourcesBuildPhase;
			buildActionMask = 2147483647;
			files = (
				753BA2FC257971F400B0651D /* VpnManager.swift in Sources */,
				753BA8FA25798AA300B0651D /* DNSConfig.m in Sources */,
				753BA2AE257793C800B0651D /* AlrdTableView.swift in Sources */,
				753BA2722577891600B0651D /* ViewController.swift in Sources */,
				753BA26E2577891600B0651D /* AppDelegate.swift in Sources */,
				753BA2E72578481B00B0651D /* TableSelectView.swift in Sources */,
				753BA2B325780F6100B0651D /* HomeViewController.swift in Sources */,
			);
			runOnlyForDeploymentPostprocessing = 0;
		};
		753BA3002579773800B0651D /* Sources */ = {
			isa = PBXSourcesBuildPhase;
			buildActionMask = 2147483647;
			files = (
				753BA30A2579773800B0651D /* PacketTunnelProvider.swift in Sources */,
			);
			runOnlyForDeploymentPostprocessing = 0;
		};
/* End PBXSourcesBuildPhase section */

/* Begin PBXTargetDependency section */
		753BA30E2579773800B0651D /* PBXTargetDependency */ = {
			isa = PBXTargetDependency;
			target = 753BA3032579773800B0651D /* Packettunel */;
			targetProxy = 753BA30D2579773800B0651D /* PBXContainerItemProxy */;
		};
/* End PBXTargetDependency section */

/* Begin PBXVariantGroup section */
		753BA2732577891600B0651D /* Main.storyboard */ = {
			isa = PBXVariantGroup;
			children = (
				753BA2742577891600B0651D /* Base */,
			);
			name = Main.storyboard;
			sourceTree = "<group>";
		};
		753BA2782577891900B0651D /* LaunchScreen.storyboard */ = {
			isa = PBXVariantGroup;
			children = (
				753BA2792577891900B0651D /* Base */,
			);
			name = LaunchScreen.storyboard;
			sourceTree = "<group>";
		};
/* End PBXVariantGroup section */

/* Begin XCBuildConfiguration section */
		753BA2922577891A00B0651D /* Debug */ = {
			isa = XCBuildConfiguration;
			buildSettings = {
				ALWAYS_SEARCH_USER_PATHS = NO;
				CLANG_ANALYZER_NONNULL = YES;
				CLANG_ANALYZER_NUMBER_OBJECT_CONVERSION = YES_AGGRESSIVE;
				CLANG_CXX_LANGUAGE_STANDARD = "gnu++14";
				CLANG_CXX_LIBRARY = "libc++";
				CLANG_ENABLE_MODULES = YES;
				CLANG_ENABLE_OBJC_ARC = YES;
				CLANG_ENABLE_OBJC_WEAK = YES;
				CLANG_WARN_BLOCK_CAPTURE_AUTORELEASING = YES;
				CLANG_WARN_BOOL_CONVERSION = YES;
				CLANG_WARN_COMMA = YES;
				CLANG_WARN_CONSTANT_CONVERSION = YES;
				CLANG_WARN_DEPRECATED_OBJC_IMPLEMENTATIONS = YES;
				CLANG_WARN_DIRECT_OBJC_ISA_USAGE = YES_ERROR;
				CLANG_WARN_DOCUMENTATION_COMMENTS = YES;
				CLANG_WARN_EMPTY_BODY = YES;
				CLANG_WARN_ENUM_CONVERSION = YES;
				CLANG_WARN_INFINITE_RECURSION = YES;
				CLANG_WARN_INT_CONVERSION = YES;
				CLANG_WARN_NON_LITERAL_NULL_CONVERSION = YES;
				CLANG_WARN_OBJC_IMPLICIT_RETAIN_SELF = YES;
				CLANG_WARN_OBJC_LITERAL_CONVERSION = YES;
				CLANG_WARN_OBJC_ROOT_CLASS = YES_ERROR;
				CLANG_WARN_QUOTED_INCLUDE_IN_FRAMEWORK_HEADER = YES;
				CLANG_WARN_RANGE_LOOP_ANALYSIS = YES;
				CLANG_WARN_STRICT_PROTOTYPES = YES;
				CLANG_WARN_SUSPICIOUS_MOVE = YES;
				CLANG_WARN_UNGUARDED_AVAILABILITY = YES_AGGRESSIVE;
				CLANG_WARN_UNREACHABLE_CODE = YES;
				CLANG_WARN__DUPLICATE_METHOD_MATCH = YES;
				COPY_PHASE_STRIP = NO;
				DEBUG_INFORMATION_FORMAT = dwarf;
				ENABLE_STRICT_OBJC_MSGSEND = YES;
				ENABLE_TESTABILITY = YES;
				GCC_C_LANGUAGE_STANDARD = gnu11;
				GCC_DYNAMIC_NO_PIC = NO;
				GCC_NO_COMMON_BLOCKS = YES;
				GCC_OPTIMIZATION_LEVEL = 0;
				GCC_PREPROCESSOR_DEFINITIONS = (
					"DEBUG=1",
					"$(inherited)",
				);
				GCC_WARN_64_TO_32_BIT_CONVERSION = YES;
				GCC_WARN_ABOUT_RETURN_TYPE = YES_ERROR;
				GCC_WARN_UNDECLARED_SELECTOR = YES;
				GCC_WARN_UNINITIALIZED_AUTOS = YES_AGGRESSIVE;
				GCC_WARN_UNUSED_FUNCTION = YES;
				GCC_WARN_UNUSED_VARIABLE = YES;
				IPHONEOS_DEPLOYMENT_TARGET = 14.2;
				MTL_ENABLE_DEBUG_INFO = INCLUDE_SOURCE;
				MTL_FAST_MATH = YES;
				ONLY_ACTIVE_ARCH = YES;
				SDKROOT = iphoneos;
				SWIFT_ACTIVE_COMPILATION_CONDITIONS = DEBUG;
				SWIFT_OPTIMIZATION_LEVEL = "-Onone";
			};
			name = Debug;
		};
		753BA2932577891A00B0651D /* Release */ = {
			isa = XCBuildConfiguration;
			buildSettings = {
				ALWAYS_SEARCH_USER_PATHS = NO;
				CLANG_ANALYZER_NONNULL = YES;
				CLANG_ANALYZER_NUMBER_OBJECT_CONVERSION = YES_AGGRESSIVE;
				CLANG_CXX_LANGUAGE_STANDARD = "gnu++14";
				CLANG_CXX_LIBRARY = "libc++";
				CLANG_ENABLE_MODULES = YES;
				CLANG_ENABLE_OBJC_ARC = YES;
				CLANG_ENABLE_OBJC_WEAK = YES;
				CLANG_WARN_BLOCK_CAPTURE_AUTORELEASING = YES;
				CLANG_WARN_BOOL_CONVERSION = YES;
				CLANG_WARN_COMMA = YES;
				CLANG_WARN_CONSTANT_CONVERSION = YES;
				CLANG_WARN_DEPRECATED_OBJC_IMPLEMENTATIONS = YES;
				CLANG_WARN_DIRECT_OBJC_ISA_USAGE = YES_ERROR;
				CLANG_WARN_DOCUMENTATION_COMMENTS = YES;
				CLANG_WARN_EMPTY_BODY = YES;
				CLANG_WARN_ENUM_CONVERSION = YES;
				CLANG_WARN_INFINITE_RECURSION = YES;
				CLANG_WARN_INT_CONVERSION = YES;
				CLANG_WARN_NON_LITERAL_NULL_CONVERSION = YES;
				CLANG_WARN_OBJC_IMPLICIT_RETAIN_SELF = YES;
				CLANG_WARN_OBJC_LITERAL_CONVERSION = YES;
				CLANG_WARN_OBJC_ROOT_CLASS = YES_ERROR;
				CLANG_WARN_QUOTED_INCLUDE_IN_FRAMEWORK_HEADER = YES;
				CLANG_WARN_RANGE_LOOP_ANALYSIS = YES;
				CLANG_WARN_STRICT_PROTOTYPES = YES;
				CLANG_WARN_SUSPICIOUS_MOVE = YES;
				CLANG_WARN_UNGUARDED_AVAILABILITY = YES_AGGRESSIVE;
				CLANG_WARN_UNREACHABLE_CODE = YES;
				CLANG_WARN__DUPLICATE_METHOD_MATCH = YES;
				COPY_PHASE_STRIP = NO;
				DEBUG_INFORMATION_FORMAT = "dwarf-with-dsym";
				ENABLE_NS_ASSERTIONS = NO;
				ENABLE_STRICT_OBJC_MSGSEND = YES;
				GCC_C_LANGUAGE_STANDARD = gnu11;
				GCC_NO_COMMON_BLOCKS = YES;
				GCC_WARN_64_TO_32_BIT_CONVERSION = YES;
				GCC_WARN_ABOUT_RETURN_TYPE = YES_ERROR;
				GCC_WARN_UNDECLARED_SELECTOR = YES;
				GCC_WARN_UNINITIALIZED_AUTOS = YES_AGGRESSIVE;
				GCC_WARN_UNUSED_FUNCTION = YES;
				GCC_WARN_UNUSED_VARIABLE = YES;
				IPHONEOS_DEPLOYMENT_TARGET = 14.2;
				MTL_ENABLE_DEBUG_INFO = NO;
				MTL_FAST_MATH = YES;
				SDKROOT = iphoneos;
				SWIFT_COMPILATION_MODE = wholemodule;
				SWIFT_OPTIMIZATION_LEVEL = "-O";
				VALIDATE_PRODUCT = YES;
			};
			name = Release;
		};
		753BA2952577891A00B0651D /* Debug */ = {
			isa = XCBuildConfiguration;
			buildSettings = {
				ALWAYS_EMBED_SWIFT_STANDARD_LIBRARIES = YES;
				ASSETCATALOG_COMPILER_APPICON_NAME = AppIcon;
				ASSETCATALOG_COMPILER_GLOBAL_ACCENT_COLOR_NAME = AccentColor;
				CODE_SIGN_ENTITLEMENTS = DDLVPNAlrd/DDLVPNAlrdDebug.entitlements;
				CODE_SIGN_IDENTITY = "Apple Development";
				CODE_SIGN_STYLE = Automatic;
				CURRENT_PROJECT_VERSION = 1.1;
				DEVELOPMENT_TEAM = HZH343Y653;
				FRAMEWORK_SEARCH_PATHS = (
					"$(inherited)",
					"$(PROJECT_DIR)/alrdframeworkv1",
					"$(PROJECT_DIR)/alrdframework_v2",
					"$(PROJECT_DIR)",
					"$(PROJECT_DIR)/alrdframeworkv4",
				);
				INFOPLIST_FILE = DDLVPNAlrd/Info.plist;
				LD_RUNPATH_SEARCH_PATHS = (
					"$(inherited)",
					"@executable_path/Frameworks",
				);
				MARKETING_VERSION = 2.1;
				PRODUCT_BUNDLE_IDENTIFIER = com.ddl.test.vpn;
				PRODUCT_NAME = "$(TARGET_NAME)";
				PROVISIONING_PROFILE_SPECIFIER = "";
				SWIFT_OBJC_BRIDGING_HEADER = DDLVpn_OC.h;
				SWIFT_VERSION = 5.0;
				TARGETED_DEVICE_FAMILY = "1,2";
			};
			name = Debug;
		};
		753BA2962577891A00B0651D /* Release */ = {
			isa = XCBuildConfiguration;
			buildSettings = {
				ALWAYS_EMBED_SWIFT_STANDARD_LIBRARIES = YES;
				ASSETCATALOG_COMPILER_APPICON_NAME = AppIcon;
				ASSETCATALOG_COMPILER_GLOBAL_ACCENT_COLOR_NAME = AccentColor;
				CODE_SIGN_ENTITLEMENTS = DDLVPNAlrd/DDLVPNAlrd.entitlements;
				CODE_SIGN_IDENTITY = "iPhone Distribution";
				CODE_SIGN_STYLE = Manual;
				CURRENT_PROJECT_VERSION = 1.1;
				DEVELOPMENT_TEAM = HZH343Y653;
				FRAMEWORK_SEARCH_PATHS = (
					"$(inherited)",
					"$(PROJECT_DIR)/alrdframeworkv1",
					"$(PROJECT_DIR)/alrdframework_v2",
					"$(PROJECT_DIR)",
					"$(PROJECT_DIR)/alrdframeworkv4",
				);
				INFOPLIST_FILE = DDLVPNAlrd/Info.plist;
				LD_RUNPATH_SEARCH_PATHS = (
					"$(inherited)",
					"@executable_path/Frameworks",
				);
				MARKETING_VERSION = 2.1;
				PRODUCT_BUNDLE_IDENTIFIER = com.ddl.test.vpn;
				PRODUCT_NAME = "$(TARGET_NAME)";
				PROVISIONING_PROFILE_SPECIFIER = ddl_vpn_test_adhoc_01;
				SWIFT_OBJC_BRIDGING_HEADER = DDLVpn_OC.h;
				SWIFT_VERSION = 5.0;
				TARGETED_DEVICE_FAMILY = "1,2";
			};
			name = Release;
		};
		753BA3112579773800B0651D /* Debug */ = {
			isa = XCBuildConfiguration;
			buildSettings = {
				CLANG_ENABLE_MODULES = YES;
				CODE_SIGN_ENTITLEMENTS = Packettunel/PackettunelDebug.entitlements;
				CODE_SIGN_IDENTITY = "Apple Development";
				CODE_SIGN_STYLE = Automatic;
				CURRENT_PROJECT_VERSION = 1.1;
				DEVELOPMENT_TEAM = HZH343Y653;
				FRAMEWORK_SEARCH_PATHS = (
					"$(inherited)",
					"$(PROJECT_DIR)/alrdframework_v2",
					"$(PROJECT_DIR)/alrdframeworkv1",
					"$(PROJECT_DIR)",
					"$(PROJECT_DIR)/alrdframeworkv4",
				);
				INFOPLIST_FILE = Packettunel/Info.plist;
				LD_RUNPATH_SEARCH_PATHS = (
					"$(inherited)",
					"@executable_path/Frameworks",
					"@executable_path/../../Frameworks",
				);
				LIBRARY_SEARCH_PATHS = (
					"$(inherited)",
					"$(PROJECT_DIR)",
				);
				MARKETING_VERSION = 2.1;
				PRODUCT_BUNDLE_IDENTIFIER = com.ddl.test.vpn.extension;
				PRODUCT_NAME = "$(TARGET_NAME)";
				PROVISIONING_PROFILE_SPECIFIER = "";
				SKIP_INSTALL = YES;
				SWIFT_OBJC_BRIDGING_HEADER = "Packettunel/Packettunel-Bridging-Header.h";
				SWIFT_OPTIMIZATION_LEVEL = "-Onone";
				SWIFT_VERSION = 5.0;
				TARGETED_DEVICE_FAMILY = "1,2";
				USER_HEADER_SEARCH_PATHS = "${SRCROOT}";
			};
			name = Debug;
		};
		753BA3122579773800B0651D /* Release */ = {
			isa = XCBuildConfiguration;
			buildSettings = {
				CLANG_ENABLE_MODULES = YES;
				CODE_SIGN_ENTITLEMENTS = Packettunel/Packettunel.entitlements;
				CODE_SIGN_IDENTITY = "iPhone Distribution";
				CODE_SIGN_STYLE = Manual;
				CURRENT_PROJECT_VERSION = 1.1;
				DEVELOPMENT_TEAM = HZH343Y653;
				FRAMEWORK_SEARCH_PATHS = (
					"$(inherited)",
					"$(PROJECT_DIR)/alrdframework_v2",
					"$(PROJECT_DIR)/alrdframeworkv1",
					"$(PROJECT_DIR)",
					"$(PROJECT_DIR)/alrdframeworkv4",
				);
				INFOPLIST_FILE = Packettunel/Info.plist;
				LD_RUNPATH_SEARCH_PATHS = (
					"$(inherited)",
					"@executable_path/Frameworks",
					"@executable_path/../../Frameworks",
				);
				LIBRARY_SEARCH_PATHS = (
					"$(inherited)",
					"$(PROJECT_DIR)",
				);
				MARKETING_VERSION = 2.1;
				PRODUCT_BUNDLE_IDENTIFIER = com.ddl.test.vpn.extension;
				PRODUCT_NAME = "$(TARGET_NAME)";
				PROVISIONING_PROFILE_SPECIFIER = ddl_vpn_test_adhoc_extension_01;
				SKIP_INSTALL = YES;
				SWIFT_OBJC_BRIDGING_HEADER = "Packettunel/Packettunel-Bridging-Header.h";
				SWIFT_VERSION = 5.0;
				TARGETED_DEVICE_FAMILY = "1,2";
				USER_HEADER_SEARCH_PATHS = "${SRCROOT}";
			};
			name = Release;
		};
/* End XCBuildConfiguration section */

/* Begin XCConfigurationList section */
		753BA2652577891600B0651D /* Build configuration list for PBXProject "DDLVPNAlrd" */ = {
			isa = XCConfigurationList;
			buildConfigurations = (
				753BA2922577891A00B0651D /* Debug */,
				753BA2932577891A00B0651D /* Release */,
			);
			defaultConfigurationIsVisible = 0;
			defaultConfigurationName = Release;
		};
		753BA2942577891A00B0651D /* Build configuration list for PBXNativeTarget "DDLVPNAlrd" */ = {
			isa = XCConfigurationList;
			buildConfigurations = (
				753BA2952577891A00B0651D /* Debug */,
				753BA2962577891A00B0651D /* Release */,
			);
			defaultConfigurationIsVisible = 0;
			defaultConfigurationName = Release;
		};
		753BA3102579773800B0651D /* Build configuration list for PBXNativeTarget "Packettunel" */ = {
			isa = XCConfigurationList;
			buildConfigurations = (
				753BA3112579773800B0651D /* Debug */,
				753BA3122579773800B0651D /* Release */,
			);
			defaultConfigurationIsVisible = 0;
			defaultConfigurationName = Release;
		};
/* End XCConfigurationList section */
	};
	rootObject = 753BA2622577891600B0651D /* Project object */;
}
